{
  "nodes": {
    "darwin": {
      "inputs": {
        "nixpkgs": [
          "nixpkgs"
        ]
      },
      "locked": {
        "lastModified": 1673295039,
        "narHash": "sha256-AsdYgE8/GPwcelGgrntlijMg4t3hLFJFCRF3tL5WVjA=",
        "owner": "lnl7",
        "repo": "nix-darwin",
        "rev": "87b9d090ad39b25b2400029c64825fc2a8868943",
        "type": "github"
      },
      "original": {
        "owner": "lnl7",
        "ref": "master",
        "repo": "nix-darwin",
        "type": "github"
      }
    },
    "devshell": {
      "inputs": {
        "flake-utils": [
          "fu"
        ],
        "nixpkgs": [
          "nixpkgs"
        ]
      },
      "locked": {
        "lastModified": 1671489820,
        "narHash": "sha256-qoei5HDJ8psd1YUPD7DhbHdhLIT9L2nadscp4Qk37uk=",
        "owner": "numtide",
        "repo": "devshell",
        "rev": "5aa3a8039c68b4bf869327446590f4cdf90bb634",
        "type": "github"
      },
      "original": {
        "owner": "numtide",
        "repo": "devshell",
        "type": "github"
      }
    },
    "fenix": {
      "inputs": {
        "nixpkgs": [
          "leftwm",
          "nixpkgs"
        ],
        "rust-analyzer-src": "rust-analyzer-src"
      },
      "locked": {
        "lastModified": 1640644357,
        "narHash": "sha256-P3DOh+9f0kqfZVqRCrVAHyyx/vYgLN8GaoHdbRv/BcM=",
        "owner": "nix-community",
        "repo": "fenix",
        "rev": "ac55b49c49b53a60e8eb5761687fa741c7c80265",
        "type": "github"
      },
      "original": {
        "owner": "nix-community",
        "repo": "fenix",
        "type": "github"
      }
    },
    "flake-compat": {
      "flake": false,
      "locked": {
        "lastModified": 1673956053,
        "narHash": "sha256-4gtG9iQuiKITOjNQQeQIpoIB6b16fm+504Ch3sNKLd8=",
        "owner": "edolstra",
        "repo": "flake-compat",
        "rev": "35bb57c0c8d8b62bbfd284272c928ceb64ddbde9",
        "type": "github"
      },
      "original": {
        "owner": "edolstra",
        "repo": "flake-compat",
        "type": "github"
      }
    },
    "flake-utils": {
      "locked": {
        "lastModified": 1667395993,
        "narHash": "sha256-nuEHfE/LcWyuSWnS8t12N1wc105Qtau+/OdUAjtQ0rA=",
        "owner": "numtide",
        "repo": "flake-utils",
        "rev": "5aed5285a952e0b949eb3ba02c12fa4fcfef535f",
        "type": "github"
      },
      "original": {
        "owner": "numtide",
        "repo": "flake-utils",
        "type": "github"
      }
    },
    "fu": {
      "locked": {
        "lastModified": 1667395993,
        "narHash": "sha256-nuEHfE/LcWyuSWnS8t12N1wc105Qtau+/OdUAjtQ0rA=",
        "owner": "numtide",
        "repo": "flake-utils",
        "rev": "5aed5285a952e0b949eb3ba02c12fa4fcfef535f",
        "type": "github"
      },
      "original": {
        "owner": "numtide",
        "repo": "flake-utils",
        "type": "github"
      }
    },
    "fup": {
      "inputs": {
        "flake-utils": [
          "fu"
        ]
      },
      "locked": {
        "lastModified": 1657226504,
        "narHash": "sha256-GIYNjuq4mJlFgqKsZ+YrgzWm0IpA4axA3MCrdKYj7gs=",
        "owner": "gytis-ivaskevicius",
        "repo": "flake-utils-plus",
        "rev": "2bf0f91643c2e5ae38c1b26893ac2927ac9bd82a",
        "type": "github"
      },
      "original": {
        "owner": "gytis-ivaskevicius",
        "repo": "flake-utils-plus",
        "type": "github"
      }
    },
    "hm": {
      "inputs": {
        "nixpkgs": [
          "nixpkgs"
        ]
      },
      "locked": {
        "lastModified": 1667907331,
        "narHash": "sha256-bHkAwkYlBjkupPUFcQjimNS8gxWSWjOTevEuwdnp5m0=",
        "owner": "nix-community",
        "repo": "home-manager",
        "rev": "6639e3a837fc5deb6f99554072789724997bc8e5",
        "type": "github"
      },
      "original": {
        "owner": "nix-community",
        "ref": "release-22.05",
        "repo": "home-manager",
        "type": "github"
      }
    },
    "leftwm": {
      "inputs": {
        "fenix": "fenix",
        "flake-utils": [
          "fu"
        ],
        "naersk": [
          "naersk"
        ],
        "nixpkgs": [
          "nixpkgs"
        ]
      },
      "locked": {
        "lastModified": 1651308516,
        "narHash": "sha256-yI4/xWEjwFyET6yblaOynfZeQ7Knnky++cjwrkcVr1k=",
        "owner": "kid",
        "repo": "leftwm",
        "rev": "204a248fa8c8cd7a37948a537f2df271e692f837",
        "type": "github"
      },
      "original": {
        "owner": "kid",
        "ref": "display-name",
        "repo": "leftwm",
        "type": "github"
      }
    },
    "naersk": {
      "inputs": {
        "nixpkgs": [
          "nixpkgs"
        ]
      },
      "locked": {
        "lastModified": 1671096816,
        "narHash": "sha256-ezQCsNgmpUHdZANDCILm3RvtO1xH8uujk/+EqNvzIOg=",
        "owner": "nix-community",
        "repo": "naersk",
        "rev": "d998160d6a076cfe8f9741e56aeec7e267e3e114",
        "type": "github"
      },
      "original": {
        "owner": "nix-community",
        "repo": "naersk",
        "type": "github"
      }
    },
    "neovim-flake": {
      "inputs": {
        "flake-utils": "flake-utils",
        "nixpkgs": [
          "neovim-nightly-overlay",
          "nixpkgs"
        ]
      },
      "locked": {
        "dir": "contrib",
        "lastModified": 1675210892,
        "narHash": "sha256-ROM/Xy2MbCZPx1Zme+KE9nE3hdSi+xfVR0fewejvVNA=",
        "owner": "neovim",
        "repo": "neovim",
        "rev": "7880eeb2ee9d4a0d3eeeec58c8af9a144c8d5e77",
        "type": "github"
      },
      "original": {
        "dir": "contrib",
        "owner": "neovim",
        "repo": "neovim",
        "type": "github"
      }
    },
    "neovim-nightly-overlay": {
      "inputs": {
        "flake-compat": "flake-compat",
        "neovim-flake": "neovim-flake",
        "nixpkgs": "nixpkgs"
      },
      "locked": {
        "lastModified": 1675239268,
        "narHash": "sha256-yPzASEwIIs6E1b4AlaDge1AFtDDQhISUa2atH2rWwus=",
        "owner": "nix-community",
        "repo": "neovim-nightly-overlay",
        "rev": "6013bf1f32209ad52a80288d103f64e56576718e",
        "type": "github"
      },
      "original": {
        "owner": "nix-community",
        "repo": "neovim-nightly-overlay",
        "type": "github"
      }
    },
    "nixos-hardware": {
      "locked": {
        "lastModified": 1674550793,
        "narHash": "sha256-ljJlIFQZwtBbzWqWTmmw2O5BFmQf1A/DspwMOQtGXHk=",
        "owner": "nixos",
        "repo": "nixos-hardware",
        "rev": "b7ac0a56029e4f9e6743b9993037a5aaafd57103",
        "type": "github"
      },
      "original": {
        "owner": "nixos",
        "repo": "nixos-hardware",
        "type": "github"
      }
    },
    "nixpkgs": {
      "locked": {
        "lastModified": 1671983799,
        "narHash": "sha256-Z2Ro6hFPZHkBqkVXY5/aBUzxi5xizQGvuHQ9+T5B/ks=",
        "owner": "nixos",
        "repo": "nixpkgs",
        "rev": "fad51abd42ca17a60fc1d4cb9382e2d79ae31836",
        "type": "github"
      },
      "original": {
        "owner": "nixos",
        "repo": "nixpkgs",
        "rev": "fad51abd42ca17a60fc1d4cb9382e2d79ae31836",
        "type": "github"
      }
    },
    "nixpkgs_2": {
      "locked": {
        "lastModified": 1675183161,
        "narHash": "sha256-Zq8sNgAxDckpn7tJo7V1afRSk2eoVbu3OjI1QklGLNg=",
        "owner": "nixos",
        "repo": "nixpkgs",
        "rev": "e1e1b192c1a5aab2960bf0a0bd53a2e8124fa18e",
        "type": "github"
      },
      "original": {
        "owner": "nixos",
        "ref": "nixos-unstable",
        "repo": "nixpkgs",
        "type": "github"
      }
    },
    "rnix-lsp": {
      "inputs": {
        "naersk": [
          "naersk"
        ],
        "nixpkgs": [
          "nixpkgs"
        ],
        "utils": [
          "fu"
        ]
      },
      "locked": {
        "lastModified": 1669555118,
        "narHash": "sha256-F0s0m62S5bHNVWNHLZD6SeHiLrsDx98VQbRjDyIu+qQ=",
        "owner": "nix-community",
        "repo": "rnix-lsp",
        "rev": "95d40673fe43642e2e1144341e86d0036abd95d9",
        "type": "github"
      },
      "original": {
        "owner": "nix-community",
        "repo": "rnix-lsp",
        "type": "github"
      }
    },
    "root": {
      "inputs": {
        "darwin": "darwin",
        "devshell": "devshell",
        "fu": "fu",
        "fup": "fup",
        "hm": "hm",
        "leftwm": "leftwm",
        "naersk": "naersk",
        "neovim-nightly-overlay": "neovim-nightly-overlay",
        "nixos-hardware": "nixos-hardware",
        "nixpkgs": "nixpkgs_2",
        "rnix-lsp": "rnix-lsp"
      }
    },
    "rust-analyzer-src": {
      "flake": false,
      "locked": {
        "lastModified": 1640459636,
        "narHash": "sha256-lvHBAWuCd+7cYq6AwThqD6uMRqsKoGJFPKUqeyn3UEU=",
        "owner": "rust-analyzer",
        "repo": "rust-analyzer",
        "rev": "c456b217d808058d2515dd909bc4f68206de340e",
        "type": "github"
      },
      "original": {
        "owner": "rust-analyzer",
        "ref": "nightly",
        "repo": "rust-analyzer",
        "type": "github"
      }
    }
  },
  "root": "root",
  "version": 7
}
